
Microsoft Visual Studio Solution File, Format Version 12.00
# Visual Studio 15
Project("{FAE04EC0-301F-11D3-BF4B-00C04F79EFBC}") = "131123", "131123\131123.csproj", "{F5800CB4-8064-4476-8227-9734D1789B96}"
EndProject
Global
	GlobalSection(SolutionConfigurationPlatforms) = preSolution
		Debug|anycpu = Debug|anycpu
		Release|anycpu = Release|anycpu
	EndGlobalSection
	GlobalSection(ProjectConfigurationPlatforms) = postSolution
		{F5800CB4-8064-4476-8227-9734D1789B96}.Debug|anycpu.ActiveCfg = Debug|anycpu
		{F5800CB4-8064-4476-8227-9734D1789B96}.Debug|anycpu.Build.0 = Debug|anycpu
		{F5800CB4-8064-4476-8227-9734D1789B96}.Release|anycpu.ActiveCfg = Release|anycpu
		{F5800CB4-8064-4476-8227-9734D1789B96}.Release|anycpu.Build.0 = Release|anycpu
	EndGlobalSection
EndGlobal
